
Microsoft Visual Studio Solution File, Format Version 12.00
# Visual Studio Version 17
VisualStudioVersion = 17.6.33723.286
MinimumVisualStudioVersion = 10.0.40219.1
Project("{FAE04EC0-301F-11D3-BF4B-00C04F79EFBC}") = "ApiProveedores", "ApiProveedores.csproj", "{A701D3A6-283B-4ECB-A591-75E04448B855}"
EndProject
Global
	GlobalSection(SolutionConfigurationPlatforms) = preSolution
		Debug|Any CPU = Debug|Any CPU
		Release|Any CPU = Release|Any CPU
	EndGlobalSection
	GlobalSection(ProjectConfigurationPlatforms) = postSolution
		{A701D3A6-283B-4ECB-A591-75E04448B855}.Debug|Any CPU.ActiveCfg = Debug|Any CPU
		{A701D3A6-283B-4ECB-A591-75E04448B855}.Debug|Any CPU.Build.0 = Debug|Any CPU
		{A701D3A6-283B-4ECB-A591-75E04448B855}.Release|Any CPU.ActiveCfg = Release|Any CPU
		{A701D3A6-283B-4ECB-A591-75E04448B855}.Release|Any CPU.Build.0 = Release|Any CPU
	EndGlobalSection
	GlobalSection(SolutionProperties) = preSolution
		HideSolutionNode = FALSE
	EndGlobalSection
	GlobalSection(ExtensibilityGlobals) = postSolution
		SolutionGuid = {BF19B5AA-7EA9-4A1E-8730-DA813F8CEF79}
	EndGlobalSection
EndGlobal
